
Microsoft Visual Studio Solution File, Format Version 12.00
# Visual Studio 15
Project("{FAE04EC0-301F-11D3-BF4B-00C04F79EFBC}") = "Assembly-CSharp", "Assembly-CSharp.csproj", "{95753FB5-E133-B105-EE7B-E7C80AB7884B}"
EndProject
Project("{FAE04EC0-301F-11D3-BF4B-00C04F79EFBC}") = "Assembly-CSharp-Editor", "Assembly-CSharp-Editor.csproj", "{75CEAF8C-09FE-6AE1-724B-FF6D371B2506}"
EndProject
Global
	GlobalSection(SolutionConfigurationPlatforms) = preSolution
		Debug|Any CPU = Debug|Any CPU
		Release|Any CPU = Release|Any CPU
	EndGlobalSection
	GlobalSection(ProjectConfigurationPlatforms) = postSolution
		{95753FB5-E133-B105-EE7B-E7C80AB7884B}.Debug|Any CPU.ActiveCfg = Debug|Any CPU
		{95753FB5-E133-B105-EE7B-E7C80AB7884B}.Debug|Any CPU.Build.0 = Debug|Any CPU
		{95753FB5-E133-B105-EE7B-E7C80AB7884B}.Release|Any CPU.ActiveCfg = Release|Any CPU
		{95753FB5-E133-B105-EE7B-E7C80AB7884B}.Release|Any CPU.Build.0 = Release|Any CPU
		{75CEAF8C-09FE-6AE1-724B-FF6D371B2506}.Debug|Any CPU.ActiveCfg = Debug|Any CPU
		{75CEAF8C-09FE-6AE1-724B-FF6D371B2506}.Debug|Any CPU.Build.0 = Debug|Any CPU
		{75CEAF8C-09FE-6AE1-724B-FF6D371B2506}.Release|Any CPU.ActiveCfg = Release|Any CPU
		{75CEAF8C-09FE-6AE1-724B-FF6D371B2506}.Release|Any CPU.Build.0 = Release|Any CPU
	EndGlobalSection
	GlobalSection(SolutionProperties) = preSolution
		HideSolutionNode = FALSE
	EndGlobalSection
EndGlobal
